Microsoft Visual Studio Solution File, Format Version 12.00
# Visual Studio Version 17
VisualStudioVersion = 17.5.2.0
MinimumVisualStudioVersion = 10.0.40219.1
Project("{FAE04EC0-301F-11D3-BF4B-00C04F79EFBC}") = "ClassroomProject", "ClassroomProject\ClassroomProject.csproj", "{268502C0-8BC1-3BF4-454D-0A0A65C4EE3B}"
EndProject
Global
	GlobalSection(SolutionConfigurationPlatforms) = preSolution
		Debug|Any CPU = Debug|Any CPU
		Release|Any CPU = Release|Any CPU
	EndGlobalSection
	GlobalSection(ProjectConfigurationPlatforms) = postSolution
		{268502C0-8BC1-3BF4-454D-0A0A65C4EE3B}.Debug|Any CPU.ActiveCfg = Debug|Any CPU
		{268502C0-8BC1-3BF4-454D-0A0A65C4EE3B}.Debug|Any CPU.Build.0 = Debug|Any CPU
		{268502C0-8BC1-3BF4-454D-0A0A65C4EE3B}.Release|Any CPU.ActiveCfg = Release|Any CPU
		{268502C0-8BC1-3BF4-454D-0A0A65C4EE3B}.Release|Any CPU.Build.0 = Release|Any CPU
	EndGlobalSection
	GlobalSection(SolutionProperties) = preSolution
		HideSolutionNode = FALSE
	EndGlobalSection
	GlobalSection(ExtensibilityGlobals) = postSolution
		SolutionGuid = {4072CE87-C8E8-4B09-A40E-23BDA7C065B0}
	EndGlobalSection
EndGlobal
